// !$*UTF8*$!
{
	archiveVersion = 1;
	classes = {
	};
	objectVersion = 51;
	objects = {

/* Begin PBXBuildFile section */
		632AB80026BA6BE5000C8108 /* AppDelegate.swift in Sources */ = {isa = PBXBuildFile; fileRef = 632AB7FF26BA6BE5000C8108 /* AppDelegate.swift */; };
		632AB80226BA6BE5000C8108 /* SceneDelegate.swift in Sources */ = {isa = PBXBuildFile; fileRef = 632AB80126BA6BE5000C8108 /* SceneDelegate.swift */; };
		632AB80426BA6BE5000C8108 /* ViewController.swift in Sources */ = {isa = PBXBuildFile; fileRef = 632AB80326BA6BE5000C8108 /* ViewController.swift */; };
		632AB80726BA6BE5000C8108 /* Main.storyboard in Resources */ = {isa = PBXBuildFile; fileRef = 632AB80526BA6BE5000C8108 /* Main.storyboard */; };
		632AB80926BA6BE7000C8108 /* Assets.xcassets in Resources */ = {isa = PBXBuildFile; fileRef = 632AB80826BA6BE7000C8108 /* Assets.xcassets */; };
		632AB80C26BA6BE7000C8108 /* LaunchScreen.storyboard in Resources */ = {isa = PBXBuildFile; fileRef = 632AB80A26BA6BE7000C8108 /* LaunchScreen.storyboard */; };
		6395182C26BBC79800D0F13A /* DataManager.swift in Sources */ = {isa = PBXBuildFile; fileRef = 6395182B26BBC79800D0F13A /* DataManager.swift */; };
		63AF99F226BB035900951BCF /* AnimationModel.swift in Sources */ = {isa = PBXBuildFile; fileRef = 63AF99F126BB035900951BCF /* AnimationModel.swift */; };
		6EDC0C145E72F0772078A7D4 /* Pods_AnimationsTest.framework in Frameworks */ = {isa = PBXBuildFile; fileRef = 211A4F0CE1E133CE719C7076 /* Pods_AnimationsTest.framework */; };
/* End PBXBuildFile section */

/* Begin PBXFileReference section */
		211A4F0CE1E133CE719C7076 /* Pods_AnimationsTest.framework */ = {isa = PBXFileReference; explicitFileType = wrapper.framework; includeInIndex = 0; path = Pods_AnimationsTest.framework; sourceTree = BUILT_PRODUCTS_DIR; };
		632AB7FC26BA6BE4000C8108 /* AnimationsTest.app */ = {isa = PBXFileReference; explicitFileType = wrapper.application; includeInIndex = 0; path = AnimationsTest.app; sourceTree = BUILT_PRODUCTS_DIR; };
		632AB7FF26BA6BE5000C8108 /* AppDelegate.swift */ = {isa = PBXFileReference; lastKnownFileType = sourcecode.swift; path = AppDelegate.swift; sourceTree = "<group>"; };
		632AB80126BA6BE5000C8108 /* SceneDelegate.swift */ = {isa = PBXFileReference; lastKnownFileType = sourcecode.swift; path = SceneDelegate.swift; sourceTree = "<group>"; };
		632AB80326BA6BE5000C8108 /* ViewController.swift */ = {isa = PBXFileReference; lastKnownFileType = sourcecode.swift; path = ViewController.swift; sourceTree = "<group>"; };
		632AB80626BA6BE5000C8108 /* Base */ = {isa = PBXFileReference; lastKnownFileType = file.storyboard; name = Base; path = Base.lproj/Main.storyboard; sourceTree = "<group>"; };
		632AB80826BA6BE7000C8108 /* Assets.xcassets */ = {isa = PBXFileReference; lastKnownFileType = folder.assetcatalog; path = Assets.xcassets; sourceTree = "<group>"; };
		632AB80B26BA6BE7000C8108 /* Base */ = {isa = PBXFileReference; lastKnownFileType = file.storyboard; name = Base; path = Base.lproj/LaunchScreen.storyboard; sourceTree = "<group>"; };
		632AB80D26BA6BE7000C8108 /* Info.plist */ = {isa = PBXFileReference; lastKnownFileType = text.plist.xml; path = Info.plist; sourceTree = "<group>"; };
		6395182B26BBC79800D0F13A /* DataManager.swift */ = {isa = PBXFileReference; lastKnownFileType = sourcecode.swift; path = DataManager.swift; sourceTree = "<group>"; };
		63AF99F126BB035900951BCF /* AnimationModel.swift */ = {isa = PBXFileReference; lastKnownFileType = sourcecode.swift; path = AnimationModel.swift; sourceTree = "<group>"; };
		E16B49946D146086923B726B /* Pods-AnimationsTest.debug.xcconfig */ = {isa = PBXFileReference; includeInIndex = 1; lastKnownFileType = text.xcconfig; name = "Pods-AnimationsTest.debug.xcconfig"; path = "Target Support Files/Pods-AnimationsTest/Pods-AnimationsTest.debug.xcconfig"; sourceTree = "<group>"; };
		F40D1FD97E575B8299BC7B26 /* Pods-AnimationsTest.release.xcconfig */ = {isa = PBXFileReference; includeInIndex = 1; lastKnownFileType = text.xcconfig; name = "Pods-AnimationsTest.release.xcconfig"; path = "Target Support Files/Pods-AnimationsTest/Pods-AnimationsTest.release.xcconfig"; sourceTree = "<group>"; };
/* End PBXFileReference section */

/* Begin PBXFrameworksBuildPhase section */
		632AB7F926BA6BE4000C8108 /* Frameworks */ = {
			isa = PBXFrameworksBuildPhase;
			buildActionMask = 2147483647;
			files = (
				6EDC0C145E72F0772078A7D4 /* Pods_AnimationsTest.framework in Frameworks */,
			);
			runOnlyForDeploymentPostprocessing = 0;
		};
/* End PBXFrameworksBuildPhase section */

/* Begin PBXGroup section */
		3308E126F5F2228C1AE1AD86 /* Pods */ = {
			isa = PBXGroup;
			children = (
				E16B49946D146086923B726B /* Pods-AnimationsTest.debug.xcconfig */,
				F40D1FD97E575B8299BC7B26 /* Pods-AnimationsTest.release.xcconfig */,
			);
			path = Pods;
			sourceTree = "<group>";
		};
		632AB7F326BA6BE4000C8108 = {
			isa = PBXGroup;
			children = (
				632AB7FE26BA6BE4000C8108 /* AnimationsTest */,
				632AB7FD26BA6BE4000C8108 /* Products */,
				3308E126F5F2228C1AE1AD86 /* Pods */,
				CEA6497117EBC6BCE867A5B9 /* Frameworks */,
			);
			sourceTree = "<group>";
		};
		632AB7FD26BA6BE4000C8108 /* Products */ = {
			isa = PBXGroup;
			children = (
				632AB7FC26BA6BE4000C8108 /* AnimationsTest.app */,
			);
			name = Products;
			sourceTree = "<group>";
		};
		632AB7FE26BA6BE4000C8108 /* AnimationsTest */ = {
			isa = PBXGroup;
			children = (
				6392FC7226BBB38B0070ED2E /* Models */,
				6392FC7326BBB3A60070ED2E /* Storyboards */,
				6392FC7426BBB3C30070ED2E /* Controllers */,
				6395182D26BBCB7D00D0F13A /* Managers */,
				632AB81326BA882B000C8108 /* SupportingFiles */,
			);
			path = AnimationsTest;
			sourceTree = "<group>";
		};
		632AB81326BA882B000C8108 /* SupportingFiles */ = {
			isa = PBXGroup;
			children = (
				632AB7FF26BA6BE5000C8108 /* AppDelegate.swift */,
				632AB80126BA6BE5000C8108 /* SceneDelegate.swift */,
				632AB80D26BA6BE7000C8108 /* Info.plist */,
				632AB80826BA6BE7000C8108 /* Assets.xcassets */,
			);
			path = SupportingFiles;
			sourceTree = "<group>";
		};
		6392FC7226BBB38B0070ED2E /* Models */ = {
			isa = PBXGroup;
			children = (
				63AF99F126BB035900951BCF /* AnimationModel.swift */,
			);
			path = Models;
			sourceTree = "<group>";
		};
		6392FC7326BBB3A60070ED2E /* Storyboards */ = {
			isa = PBXGroup;
			children = (
				632AB80526BA6BE5000C8108 /* Main.storyboard */,
				632AB80A26BA6BE7000C8108 /* LaunchScreen.storyboard */,
			);
			path = Storyboards;
			sourceTree = "<group>";
		};
		6392FC7426BBB3C30070ED2E /* Controllers */ = {
			isa = PBXGroup;
			children = (
				632AB80326BA6BE5000C8108 /* ViewController.swift */,
			);
			path = Controllers;
			sourceTree = "<group>";
		};
		6395182D26BBCB7D00D0F13A /* Managers */ = {
			isa = PBXGroup;
			children = (
				6395182B26BBC79800D0F13A /* DataManager.swift */,
			);
			path = Managers;
			sourceTree = "<group>";
		};
		CEA6497117EBC6BCE867A5B9 /* Frameworks */ = {
			isa = PBXGroup;
			children = (
				211A4F0CE1E133CE719C7076 /* Pods_AnimationsTest.framework */,
			);
			name = Frameworks;
			sourceTree = "<group>";
		};
/* End PBXGroup section */

/* Begin PBXNativeTarget section */
		632AB7FB26BA6BE4000C8108 /* AnimationsTest */ = {
			isa = PBXNativeTarget;
			buildConfigurationList = 632AB81026BA6BE7000C8108 /* Build configuration list for PBXNativeTarget "AnimationsTest" */;
			buildPhases = (
				024DCA17ACF417D70C5B3FC9 /* [CP] Check Pods Manifest.lock */,
				632AB7F826BA6BE4000C8108 /* Sources */,
				632AB7F926BA6BE4000C8108 /* Frameworks */,
				632AB7FA26BA6BE4000C8108 /* Resources */,
				5906F4AF273F4819739EE8EE /* [CP] Embed Pods Frameworks */,
			);
			buildRules = (
			);
			dependencies = (
			);
			name = AnimationsTest;
			productName = AnimationsTest;
			productReference = 632AB7FC26BA6BE4000C8108 /* AnimationsTest.app */;
			productType = "com.apple.product-type.application";
		};
/* End PBXNativeTarget section */

/* Begin PBXProject section */
		632AB7F426BA6BE4000C8108 /* Project object */ = {
			isa = PBXProject;
			attributes = {
				LastSwiftUpdateCheck = 1250;
				LastUpgradeCheck = 1250;
				TargetAttributes = {
					632AB7FB26BA6BE4000C8108 = {
						CreatedOnToolsVersion = 12.5;
					};
				};
			};
			buildConfigurationList = 632AB7F726BA6BE4000C8108 /* Build configuration list for PBXProject "AnimationsTest" */;
			compatibilityVersion = "Xcode 9.3";
			developmentRegion = en;
			hasScannedForEncodings = 0;
			knownRegions = (
				en,
				Base,
			);
			mainGroup = 632AB7F326BA6BE4000C8108;
			productRefGroup = 632AB7FD26BA6BE4000C8108 /* Products */;
			projectDirPath = "";
			projectRoot = "";
			targets = (
				632AB7FB26BA6BE4000C8108 /* AnimationsTest */,
			);
		};
/* End PBXProject section */

/* Begin PBXResourcesBuildPhase section */
		632AB7FA26BA6BE4000C8108 /* Resources */ = {
			isa = PBXResourcesBuildPhase;
			buildActionMask = 2147483647;
			files = (
				632AB80C26BA6BE7000C8108 /* LaunchScreen.storyboard in Resources */,
				632AB80926BA6BE7000C8108 /* Assets.xcassets in Resources */,
				632AB80726BA6BE5000C8108 /* Main.storyboard in Resources */,
			);
			runOnlyForDeploymentPostprocessing = 0;
		};
/* End PBXResourcesBuildPhase section */

/* Begin PBXShellScriptBuildPhase section */
		024DCA17ACF417D70C5B3FC9 /* [CP] Check Pods Manifest.lock */ = {
			isa = PBXShellScriptBuildPhase;
			buildActionMask = 2147483647;
			files = (
			);
			inputFileListPaths = (
			);
			inputPaths = (
				"${PODS_PODFILE_DIR_PATH}/Podfile.lock",
				"${PODS_ROOT}/Manifest.lock",
			);
			name = "[CP] Check Pods Manifest.lock";
			outputFileListPaths = (
			);
			outputPaths = (
				"$(DERIVED_FILE_DIR)/Pods-AnimationsTest-checkManifestLockResult.txt",
			);
			runOnlyForDeploymentPostprocessing = 0;
			shellPath = /bin/sh;
			shellScript = "diff \"${PODS_PODFILE_DIR_PATH}/Podfile.lock\" \"${PODS_ROOT}/Manifest.lock\" > /dev/null\nif [ $? != 0 ] ; then\n    # print error to STDERR\n    echo \"error: The sandbox is not in sync with the Podfile.lock. Run 'pod install' or update your CocoaPods installation.\" >&2\n    exit 1\nfi\n# This output is used by Xcode 'outputs' to avoid re-running this script phase.\necho \"SUCCESS\" > \"${SCRIPT_OUTPUT_FILE_0}\"\n";
			showEnvVarsInLog = 0;
		};
		5906F4AF273F4819739EE8EE /* [CP] Embed Pods Frameworks */ = {
			isa = PBXShellScriptBuildPhase;
			buildActionMask = 2147483647;
			files = (
			);
			inputFileListPaths = (
				"${PODS_ROOT}/Target Support Files/Pods-AnimationsTest/Pods-AnimationsTest-frameworks-${CONFIGURATION}-input-files.xcfilelist",
			);
			name = "[CP] Embed Pods Frameworks";
			outputFileListPaths = (
				"${PODS_ROOT}/Target Support Files/Pods-AnimationsTest/Pods-AnimationsTest-frameworks-${CONFIGURATION}-output-files.xcfilelist",
			);
			runOnlyForDeploymentPostprocessing = 0;
			shellPath = /bin/sh;
			shellScript = "\"${PODS_ROOT}/Target Support Files/Pods-AnimationsTest/Pods-AnimationsTest-frameworks.sh\"\n";
			showEnvVarsInLog = 0;
		};
/* End PBXShellScriptBuildPhase section */

/* Begin PBXSourcesBuildPhase section */
		632AB7F826BA6BE4000C8108 /* Sources */ = {
			isa = PBXSourcesBuildPhase;
			buildActionMask = 2147483647;
			files = (
				63AF99F226BB035900951BCF /* AnimationModel.swift in Sources */,
				6395182C26BBC79800D0F13A /* DataManager.swift in Sources */,
				632AB80426BA6BE5000C8108 /* ViewController.swift in Sources */,
				632AB80026BA6BE5000C8108 /* AppDelegate.swift in Sources */,
				632AB80226BA6BE5000C8108 /* SceneDelegate.swift in Sources */,
			);
			runOnlyForDeploymentPostprocessing = 0;
		};
/* End PBXSourcesBuildPhase section */

/* Begin PBXVariantGroup section */
		632AB80526BA6BE5000C8108 /* Main.storyboard */ = {
			isa = PBXVariantGroup;
			children = (
				632AB80626BA6BE5000C8108 /* Base */,
			);
			name = Main.storyboard;
			sourceTree = "<group>";
		};
		632AB80A26BA6BE7000C8108 /* LaunchScreen.storyboard */ = {
			isa = PBXVariantGroup;
			children = (
				632AB80B26BA6BE7000C8108 /* Base */,
			);
			name = LaunchScreen.storyboard;
			sourceTree = "<group>";
		};
/* End PBXVariantGroup section */

/* Begin XCBuildConfiguration section */
		632AB80E26BA6BE7000C8108 /* Debug */ = {
			isa = XCBuildConfiguration;
			buildSettings = {
				ALWAYS_SEARCH_USER_PATHS = NO;
				CLANG_ANALYZER_NONNULL = YES;
				CLANG_ANALYZER_NUMBER_OBJECT_CONVERSION = YES_AGGRESSIVE;
				CLANG_CXX_LANGUAGE_STANDARD = "gnu++14";
				CLANG_CXX_LIBRARY = "libc++";
				CLANG_ENABLE_MODULES = YES;
				CLANG_ENABLE_OBJC_ARC = YES;
				CLANG_ENABLE_OBJC_WEAK = YES;
				CLANG_WARN_BLOCK_CAPTURE_AUTORELEASING = YES;
				CLANG_WARN_BOOL_CONVERSION = YES;
				CLANG_WARN_COMMA = YES;
				CLANG_WARN_CONSTANT_CONVERSION = YES;
				CLANG_WARN_DEPRECATED_OBJC_IMPLEMENTATIONS = YES;
				CLANG_WARN_DIRECT_OBJC_ISA_USAGE = YES_ERROR;
				CLANG_WARN_DOCUMENTATION_COMMENTS = YES;
				CLANG_WARN_EMPTY_BODY = YES;
				CLANG_WARN_ENUM_CONVERSION = YES;
				CLANG_WARN_INFINITE_RECURSION = YES;
				CLANG_WARN_INT_CONVERSION = YES;
				CLANG_WARN_NON_LITERAL_NULL_CONVERSION = YES;
				CLANG_WARN_OBJC_IMPLICIT_RETAIN_SELF = YES;
				CLANG_WARN_OBJC_LITERAL_CONVERSION = YES;
				CLANG_WARN_OBJC_ROOT_CLASS = YES_ERROR;
				CLANG_WARN_QUOTED_INCLUDE_IN_FRAMEWORK_HEADER = YES;
				CLANG_WARN_RANGE_LOOP_ANALYSIS = YES;
				CLANG_WARN_STRICT_PROTOTYPES = YES;
				CLANG_WARN_SUSPICIOUS_MOVE = YES;
				CLANG_WARN_UNGUARDED_AVAILABILITY = YES_AGGRESSIVE;
				CLANG_WARN_UNREACHABLE_CODE = YES;
				CLANG_WARN__DUPLICATE_METHOD_MATCH = YES;
				COPY_PHASE_STRIP = NO;
				DEBUG_INFORMATION_FORMAT = dwarf;
				ENABLE_STRICT_OBJC_MSGSEND = YES;
				ENABLE_TESTABILITY = YES;
				GCC_C_LANGUAGE_STANDARD = gnu11;
				GCC_DYNAMIC_NO_PIC = NO;
				GCC_NO_COMMON_BLOCKS = YES;
				GCC_OPTIMIZATION_LEVEL = 0;
				GCC_PREPROCESSOR_DEFINITIONS = (
					"DEBUG=1",
					"$(inherited)",
				);
				GCC_WARN_64_TO_32_BIT_CONVERSION = YES;
				GCC_WARN_ABOUT_RETURN_TYPE = YES_ERROR;
				GCC_WARN_UNDECLARED_SELECTOR = YES;
				GCC_WARN_UNINITIALIZED_AUTOS = YES_AGGRESSIVE;
				GCC_WARN_UNUSED_FUNCTION = YES;
				GCC_WARN_UNUSED_VARIABLE = YES;
				IPHONEOS_DEPLOYMENT_TARGET = 14.5;
				MTL_ENABLE_DEBUG_INFO = INCLUDE_SOURCE;
				MTL_FAST_MATH = YES;
				ONLY_ACTIVE_ARCH = YES;
				SDKROOT = iphoneos;
				SWIFT_ACTIVE_COMPILATION_CONDITIONS = DEBUG;
				SWIFT_OPTIMIZATION_LEVEL = "-Onone";
			};
			name = Debug;
		};
		632AB80F26BA6BE7000C8108 /* Release */ = {
			isa = XCBuildConfiguration;
			buildSettings = {
				ALWAYS_SEARCH_USER_PATHS = NO;
				CLANG_ANALYZER_NONNULL = YES;
				CLANG_ANALYZER_NUMBER_OBJECT_CONVERSION = YES_AGGRESSIVE;
				CLANG_CXX_LANGUAGE_STANDARD = "gnu++14";
				CLANG_CXX_LIBRARY = "libc++";
				CLANG_ENABLE_MODULES = YES;
				CLANG_ENABLE_OBJC_ARC = YES;
				CLANG_ENABLE_OBJC_WEAK = YES;
				CLANG_WARN_BLOCK_CAPTURE_AUTORELEASING = YES;
				CLANG_WARN_BOOL_CONVERSION = YES;
				CLANG_WARN_COMMA = YES;
				CLANG_WARN_CONSTANT_CONVERSION = YES;
				CLANG_WARN_DEPRECATED_OBJC_IMPLEMENTATIONS = YES;
				CLANG_WARN_DIRECT_OBJC_ISA_USAGE = YES_ERROR;
				CLANG_WARN_DOCUMENTATION_COMMENTS = YES;
				CLANG_WARN_EMPTY_BODY = YES;
				CLANG_WARN_ENUM_CONVERSION = YES;
				CLANG_WARN_INFINITE_RECURSION = YES;
				CLANG_WARN_INT_CONVERSION = YES;
				CLANG_WARN_NON_LITERAL_NULL_CONVERSION = YES;
				CLANG_WARN_OBJC_IMPLICIT_RETAIN_SELF = YES;
				CLANG_WARN_OBJC_LITERAL_CONVERSION = YES;
				CLANG_WARN_OBJC_ROOT_CLASS = YES_ERROR;
				CLANG_WARN_QUOTED_INCLUDE_IN_FRAMEWORK_HEADER = YES;
				CLANG_WARN_RANGE_LOOP_ANALYSIS = YES;
				CLANG_WARN_STRICT_PROTOTYPES = YES;
				CLANG_WARN_SUSPICIOUS_MOVE = YES;
				CLANG_WARN_UNGUARDED_AVAILABILITY = YES_AGGRESSIVE;
				CLANG_WARN_UNREACHABLE_CODE = YES;
				CLANG_WARN__DUPLICATE_METHOD_MATCH = YES;
				COPY_PHASE_STRIP = NO;
				DEBUG_INFORMATION_FORMAT = "dwarf-with-dsym";
				ENABLE_NS_ASSERTIONS = NO;
				ENABLE_STRICT_OBJC_MSGSEND = YES;
				GCC_C_LANGUAGE_STANDARD = gnu11;
				GCC_NO_COMMON_BLOCKS = YES;
				GCC_WARN_64_TO_32_BIT_CONVERSION = YES;
				GCC_WARN_ABOUT_RETURN_TYPE = YES_ERROR;
				GCC_WARN_UNDECLARED_SELECTOR = YES;
				GCC_WARN_UNINITIALIZED_AUTOS = YES_AGGRESSIVE;
				GCC_WARN_UNUSED_FUNCTION = YES;
				GCC_WARN_UNUSED_VARIABLE = YES;
				IPHONEOS_DEPLOYMENT_TARGET = 14.5;
				MTL_ENABLE_DEBUG_INFO = NO;
				MTL_FAST_MATH = YES;
				SDKROOT = iphoneos;
				SWIFT_COMPILATION_MODE = wholemodule;
				SWIFT_OPTIMIZATION_LEVEL = "-O";
				VALIDATE_PRODUCT = YES;
			};
			name = Release;
		};
		632AB81126BA6BE7000C8108 /* Debug */ = {
			isa = XCBuildConfiguration;
			baseConfigurationReference = E16B49946D146086923B726B /* Pods-AnimationsTest.debug.xcconfig */;
			buildSettings = {
				ASSETCATALOG_COMPILER_APPICON_NAME = AppIcon;
				ASSETCATALOG_COMPILER_GLOBAL_ACCENT_COLOR_NAME = AccentColor;
				CODE_SIGN_STYLE = Automatic;
				DEVELOPMENT_TEAM = F824GPAVR5;
				INFOPLIST_FILE = AnimationsTest/SupportingFiles/Info.plist;
				LD_RUNPATH_SEARCH_PATHS = (
					"$(inherited)",
					"@executable_path/Frameworks",
				);
				PRODUCT_BUNDLE_IDENTIFIER = com.berezentsev.AnimationsTest;
				PRODUCT_NAME = "$(TARGET_NAME)";
				SWIFT_VERSION = 5.0;
				TARGETED_DEVICE_FAMILY = "1,2";
			};
			name = Debug;
		};
		632AB81226BA6BE7000C8108 /* Release */ = {
			isa = XCBuildConfiguration;
			baseConfigurationReference = F40D1FD97E575B8299BC7B26 /* Pods-AnimationsTest.release.xcconfig */;
			buildSettings = {
				ASSETCATALOG_COMPILER_APPICON_NAME = AppIcon;
				ASSETCATALOG_COMPILER_GLOBAL_ACCENT_COLOR_NAME = AccentColor;
				CODE_SIGN_STYLE = Automatic;
				DEVELOPMENT_TEAM = F824GPAVR5;
				INFOPLIST_FILE = AnimationsTest/SupportingFiles/Info.plist;
				LD_RUNPATH_SEARCH_PATHS = (
					"$(inherited)",
					"@executable_path/Frameworks",
				);
				PRODUCT_BUNDLE_IDENTIFIER = com.berezentsev.AnimationsTest;
				PRODUCT_NAME = "$(TARGET_NAME)";
				SWIFT_VERSION = 5.0;
				TARGETED_DEVICE_FAMILY = "1,2";
			};
			name = Release;
		};
/* End XCBuildConfiguration section */

/* Begin XCConfigurationList section */
		632AB7F726BA6BE4000C8108 /* Build configuration list for PBXProject "AnimationsTest" */ = {
			isa = XCConfigurationList;
			buildConfigurations = (
				632AB80E26BA6BE7000C8108 /* Debug */,
				632AB80F26BA6BE7000C8108 /* Release */,
			);
			defaultConfigurationIsVisible = 0;
			defaultConfigurationName = Release;
		};
		632AB81026BA6BE7000C8108 /* Build configuration list for PBXNativeTarget "AnimationsTest" */ = {
			isa = XCConfigurationList;
			buildConfigurations = (
				632AB81126BA6BE7000C8108 /* Debug */,
				632AB81226BA6BE7000C8108 /* Release */,
			);
			defaultConfigurationIsVisible = 0;
			defaultConfigurationName = Release;
		};
/* End XCConfigurationList section */
	};
	rootObject = 632AB7F426BA6BE4000C8108 /* Project object */;
}
